// !$*UTF8*$!
{
	archiveVersion = 1;
	classes = {
	};
	objectVersion = 56;
	objects = {

/* Begin PBXBuildFile section */
		0483287F2E3363CC006204CF /* MovieRepository.swift in Sources */ = {isa = PBXBuildFile; fileRef = 0483287E2E3363CC006204CF /* MovieRepository.swift */; };
		048328872E33662F006204CF /* MovieEntity.swift in Sources */ = {isa = PBXBuildFile; fileRef = 048328862E33662F006204CF /* MovieEntity.swift */; };
		048328892E336BF7006204CF /* MovieRepositoryInterface.swift in Sources */ = {isa = PBXBuildFile; fileRef = 048328882E336BF7006204CF /* MovieRepositoryInterface.swift */; };
		0483288B2E336DC3006204CF /* MockMovieRepository.swift in Sources */ = {isa = PBXBuildFile; fileRef = 0483288A2E336DC3006204CF /* MockMovieRepository.swift */; };
		0483288D2E36106C006204CF /* MovieUseCase.swift in Sources */ = {isa = PBXBuildFile; fileRef = 0483288C2E36106C006204CF /* MovieUseCase.swift */; };
		0483288F2E3615B0006204CF /* MovieListViewModel.swift in Sources */ = {isa = PBXBuildFile; fileRef = 0483288E2E3615B0006204CF /* MovieListViewModel.swift */; };
		048328912E361B62006204CF /* PresentingMovieModel.swift in Sources */ = {isa = PBXBuildFile; fileRef = 048328902E361B62006204CF /* PresentingMovieModel.swift */; };
		E5501E2B2B57D4C30001E9FB /* CleanArchitectureApp.swift in Sources */ = {isa = PBXBuildFile; fileRef = E5501E2A2B57D4C30001E9FB /* CleanArchitectureApp.swift */; };
		E5501E2D2B57D4C30001E9FB /* ContentView.swift in Sources */ = {isa = PBXBuildFile; fileRef = E5501E2C2B57D4C30001E9FB /* ContentView.swift */; };
		E5501E2F2B57D4C40001E9FB /* Assets.xcassets in Resources */ = {isa = PBXBuildFile; fileRef = E5501E2E2B57D4C40001E9FB /* Assets.xcassets */; };
		E5501E322B57D4C40001E9FB /* Preview Assets.xcassets in Resources */ = {isa = PBXBuildFile; fileRef = E5501E312B57D4C40001E9FB /* Preview Assets.xcassets */; };
		E5A7A9902B57DC5200590EA6 /* DTOs.swift in Sources */ = {isa = PBXBuildFile; fileRef = E5A7A98F2B57DC5200590EA6 /* DTOs.swift */; };
		E5A7A9A62B57E4BD00590EA6 /* DateFormat.swift in Sources */ = {isa = PBXBuildFile; fileRef = E5A7A9A52B57E4BD00590EA6 /* DateFormat.swift */; };
/* End PBXBuildFile section */

/* Begin PBXFileReference section */
		0483287E2E3363CC006204CF /* MovieRepository.swift */ = {isa = PBXFileReference; lastKnownFileType = sourcecode.swift; path = MovieRepository.swift; sourceTree = "<group>"; };
		048328862E33662F006204CF /* MovieEntity.swift */ = {isa = PBXFileReference; lastKnownFileType = sourcecode.swift; path = MovieEntity.swift; sourceTree = "<group>"; };
		048328882E336BF7006204CF /* MovieRepositoryInterface.swift */ = {isa = PBXFileReference; lastKnownFileType = sourcecode.swift; path = MovieRepositoryInterface.swift; sourceTree = "<group>"; };
		0483288A2E336DC3006204CF /* MockMovieRepository.swift */ = {isa = PBXFileReference; lastKnownFileType = sourcecode.swift; path = MockMovieRepository.swift; sourceTree = "<group>"; };
		0483288C2E36106C006204CF /* MovieUseCase.swift */ = {isa = PBXFileReference; lastKnownFileType = sourcecode.swift; path = MovieUseCase.swift; sourceTree = "<group>"; };
		0483288E2E3615B0006204CF /* MovieListViewModel.swift */ = {isa = PBXFileReference; lastKnownFileType = sourcecode.swift; path = MovieListViewModel.swift; sourceTree = "<group>"; };
		048328902E361B62006204CF /* PresentingMovieModel.swift */ = {isa = PBXFileReference; lastKnownFileType = sourcecode.swift; path = PresentingMovieModel.swift; sourceTree = "<group>"; };
		E5501E272B57D4C30001E9FB /* CleanArchitecture.app */ = {isa = PBXFileReference; explicitFileType = wrapper.application; includeInIndex = 0; path = CleanArchitecture.app; sourceTree = BUILT_PRODUCTS_DIR; };
		E5501E2A2B57D4C30001E9FB /* CleanArchitectureApp.swift */ = {isa = PBXFileReference; lastKnownFileType = sourcecode.swift; path = CleanArchitectureApp.swift; sourceTree = "<group>"; };
		E5501E2C2B57D4C30001E9FB /* ContentView.swift */ = {isa = PBXFileReference; lastKnownFileType = sourcecode.swift; path = ContentView.swift; sourceTree = "<group>"; };
		E5501E2E2B57D4C40001E9FB /* Assets.xcassets */ = {isa = PBXFileReference; lastKnownFileType = folder.assetcatalog; path = Assets.xcassets; sourceTree = "<group>"; };
		E5501E312B57D4C40001E9FB /* Preview Assets.xcassets */ = {isa = PBXFileReference; lastKnownFileType = folder.assetcatalog; path = "Preview Assets.xcassets"; sourceTree = "<group>"; };
		E5A7A98F2B57DC5200590EA6 /* DTOs.swift */ = {isa = PBXFileReference; lastKnownFileType = sourcecode.swift; path = DTOs.swift; sourceTree = "<group>"; };
		E5A7A9A52B57E4BD00590EA6 /* DateFormat.swift */ = {isa = PBXFileReference; lastKnownFileType = sourcecode.swift; path = DateFormat.swift; sourceTree = "<group>"; };
/* End PBXFileReference section */

/* Begin PBXFrameworksBuildPhase section */
		E5501E242B57D4C30001E9FB /* Frameworks */ = {
			isa = PBXFrameworksBuildPhase;
			buildActionMask = 2147483647;
			files = (
			);
			runOnlyForDeploymentPostprocessing = 0;
		};
/* End PBXFrameworksBuildPhase section */

/* Begin PBXGroup section */
		048328822E3365ED006204CF /* Domain */ = {
			isa = PBXGroup;
			children = (
				048328862E33662F006204CF /* MovieEntity.swift */,
				048328882E336BF7006204CF /* MovieRepositoryInterface.swift */,
				0483288C2E36106C006204CF /* MovieUseCase.swift */,
			);
			path = Domain;
			sourceTree = "<group>";
		};
		048328832E3365F0006204CF /* Presentation */ = {
			isa = PBXGroup;
			children = (
				E5501E2C2B57D4C30001E9FB /* ContentView.swift */,
				0483288E2E3615B0006204CF /* MovieListViewModel.swift */,
				048328902E361B62006204CF /* PresentingMovieModel.swift */,
			);
			path = Presentation;
			sourceTree = "<group>";
		};
		048328852E33660D006204CF /* Data */ = {
			isa = PBXGroup;
			children = (
				E5A7A98F2B57DC5200590EA6 /* DTOs.swift */,
				0483287E2E3363CC006204CF /* MovieRepository.swift */,
				0483288A2E336DC3006204CF /* MockMovieRepository.swift */,
			);
			path = Data;
			sourceTree = "<group>";
		};
		E5501E1E2B57D4C30001E9FB = {
			isa = PBXGroup;
			children = (
				E5501E292B57D4C30001E9FB /* CleanArchitecture */,
				E5501E282B57D4C30001E9FB /* Products */,
			);
			sourceTree = "<group>";
		};
		E5501E282B57D4C30001E9FB /* Products */ = {
			isa = PBXGroup;
			children = (
				E5501E272B57D4C30001E9FB /* CleanArchitecture.app */,
			);
			name = Products;
			sourceTree = "<group>";
		};
		E5501E292B57D4C30001E9FB /* CleanArchitecture */ = {
			isa = PBXGroup;
			children = (
				E5501E2A2B57D4C30001E9FB /* CleanArchitectureApp.swift */,
				048328832E3365F0006204CF /* Presentation */,
				048328822E3365ED006204CF /* Domain */,
				048328852E33660D006204CF /* Data */,
				E5A7A9A52B57E4BD00590EA6 /* DateFormat.swift */,
				E5501E2E2B57D4C40001E9FB /* Assets.xcassets */,
				E5501E302B57D4C40001E9FB /* Preview Content */,
			);
			path = CleanArchitecture;
			sourceTree = "<group>";
		};
		E5501E302B57D4C40001E9FB /* Preview Content */ = {
			isa = PBXGroup;
			children = (
				E5501E312B57D4C40001E9FB /* Preview Assets.xcassets */,
			);
			path = "Preview Content";
			sourceTree = "<group>";
		};
/* End PBXGroup section */

/* Begin PBXNativeTarget section */
		E5501E262B57D4C30001E9FB /* CleanArchitecture */ = {
			isa = PBXNativeTarget;
			buildConfigurationList = E5501E352B57D4C40001E9FB /* Build configuration list for PBXNativeTarget "CleanArchitecture" */;
			buildPhases = (
				E5501E232B57D4C30001E9FB /* Sources */,
				E5501E242B57D4C30001E9FB /* Frameworks */,
				E5501E252B57D4C30001E9FB /* Resources */,
			);
			buildRules = (
			);
			dependencies = (
			);
			name = CleanArchitecture;
			productName = CleanArchitecture;
			productReference = E5501E272B57D4C30001E9FB /* CleanArchitecture.app */;
			productType = "com.apple.product-type.application";
		};
/* End PBXNativeTarget section */

/* Begin PBXProject section */
		E5501E1F2B57D4C30001E9FB /* Project object */ = {
			isa = PBXProject;
			attributes = {
				BuildIndependentTargetsInParallel = 1;
				LastSwiftUpdateCheck = 1500;
				LastUpgradeCheck = 1500;
				TargetAttributes = {
					E5501E262B57D4C30001E9FB = {
						CreatedOnToolsVersion = 15.0;
					};
				};
			};
			buildConfigurationList = E5501E222B57D4C30001E9FB /* Build configuration list for PBXProject "CleanArchitecture" */;
			compatibilityVersion = "Xcode 14.0";
			developmentRegion = en;
			hasScannedForEncodings = 0;
			knownRegions = (
				en,
				Base,
			);
			mainGroup = E5501E1E2B57D4C30001E9FB;
			productRefGroup = E5501E282B57D4C30001E9FB /* Products */;
			projectDirPath = "";
			projectRoot = "";
			targets = (
				E5501E262B57D4C30001E9FB /* CleanArchitecture */,
			);
		};
/* End PBXProject section */

/* Begin PBXResourcesBuildPhase section */
		E5501E252B57D4C30001E9FB /* Resources */ = {
			isa = PBXResourcesBuildPhase;
			buildActionMask = 2147483647;
			files = (
				E5501E322B57D4C40001E9FB /* Preview Assets.xcassets in Resources */,
				E5501E2F2B57D4C40001E9FB /* Assets.xcassets in Resources */,
			);
			runOnlyForDeploymentPostprocessing = 0;
		};
/* End PBXResourcesBuildPhase section */

/* Begin PBXSourcesBuildPhase section */
		E5501E232B57D4C30001E9FB /* Sources */ = {
			isa = PBXSourcesBuildPhase;
			buildActionMask = 2147483647;
			files = (
				E5A7A9902B57DC5200590EA6 /* DTOs.swift in Sources */,
				0483288D2E36106C006204CF /* MovieUseCase.swift in Sources */,
				048328912E361B62006204CF /* PresentingMovieModel.swift in Sources */,
				048328892E336BF7006204CF /* MovieRepositoryInterface.swift in Sources */,
				E5501E2D2B57D4C30001E9FB /* ContentView.swift in Sources */,
				E5A7A9A62B57E4BD00590EA6 /* DateFormat.swift in Sources */,
				048328872E33662F006204CF /* MovieEntity.swift in Sources */,
				0483287F2E3363CC006204CF /* MovieRepository.swift in Sources */,
				0483288B2E336DC3006204CF /* MockMovieRepository.swift in Sources */,
				E5501E2B2B57D4C30001E9FB /* CleanArchitectureApp.swift in Sources */,
				0483288F2E3615B0006204CF /* MovieListViewModel.swift in Sources */,
			);
			runOnlyForDeploymentPostprocessing = 0;
		};
/* End PBXSourcesBuildPhase section */

/* Begin XCBuildConfiguration section */
		E5501E332B57D4C40001E9FB /* Debug */ = {
			isa = XCBuildConfiguration;
			buildSettings = {
				ALWAYS_SEARCH_USER_PATHS = NO;
				ASSETCATALOG_COMPILER_GENERATE_SWIFT_ASSET_SYMBOL_EXTENSIONS = YES;
				CLANG_ANALYZER_NONNULL = YES;
				CLANG_ANALYZER_NUMBER_OBJECT_CONVERSION = YES_AGGRESSIVE;
				CLANG_CXX_LANGUAGE_STANDARD = "gnu++20";
				CLANG_ENABLE_MODULES = YES;
				CLANG_ENABLE_OBJC_ARC = YES;
				CLANG_ENABLE_OBJC_WEAK = YES;
				CLANG_WARN_BLOCK_CAPTURE_AUTORELEASING = YES;
				CLANG_WARN_BOOL_CONVERSION = YES;
				CLANG_WARN_COMMA = YES;
				CLANG_WARN_CONSTANT_CONVERSION = YES;
				CLANG_WARN_DEPRECATED_OBJC_IMPLEMENTATIONS = YES;
				CLANG_WARN_DIRECT_OBJC_ISA_USAGE = YES_ERROR;
				CLANG_WARN_DOCUMENTATION_COMMENTS = YES;
				CLANG_WARN_EMPTY_BODY = YES;
				CLANG_WARN_ENUM_CONVERSION = YES;
				CLANG_WARN_INFINITE_RECURSION = YES;
				CLANG_WARN_INT_CONVERSION = YES;
				CLANG_WARN_NON_LITERAL_NULL_CONVERSION = YES;
				CLANG_WARN_OBJC_IMPLICIT_RETAIN_SELF = YES;
				CLANG_WARN_OBJC_LITERAL_CONVERSION = YES;
				CLANG_WARN_OBJC_ROOT_CLASS = YES_ERROR;
				CLANG_WARN_QUOTED_INCLUDE_IN_FRAMEWORK_HEADER = YES;
				CLANG_WARN_RANGE_LOOP_ANALYSIS = YES;
				CLANG_WARN_STRICT_PROTOTYPES = YES;
				CLANG_WARN_SUSPICIOUS_MOVE = YES;
				CLANG_WARN_UNGUARDED_AVAILABILITY = YES_AGGRESSIVE;
				CLANG_WARN_UNREACHABLE_CODE = YES;
				CLANG_WARN__DUPLICATE_METHOD_MATCH = YES;
				COPY_PHASE_STRIP = NO;
				DEBUG_INFORMATION_FORMAT = dwarf;
				ENABLE_STRICT_OBJC_MSGSEND = YES;
				ENABLE_TESTABILITY = YES;
				ENABLE_USER_SCRIPT_SANDBOXING = YES;
				GCC_C_LANGUAGE_STANDARD = gnu17;
				GCC_DYNAMIC_NO_PIC = NO;
				GCC_NO_COMMON_BLOCKS = YES;
				GCC_OPTIMIZATION_LEVEL = 0;
				GCC_PREPROCESSOR_DEFINITIONS = (
					"DEBUG=1",
					"$(inherited)",
				);
				GCC_WARN_64_TO_32_BIT_CONVERSION = YES;
				GCC_WARN_ABOUT_RETURN_TYPE = YES_ERROR;
				GCC_WARN_UNDECLARED_SELECTOR = YES;
				GCC_WARN_UNINITIALIZED_AUTOS = YES_AGGRESSIVE;
				GCC_WARN_UNUSED_FUNCTION = YES;
				GCC_WARN_UNUSED_VARIABLE = YES;
				IPHONEOS_DEPLOYMENT_TARGET = 17.0;
				LOCALIZATION_PREFERS_STRING_CATALOGS = YES;
				MTL_ENABLE_DEBUG_INFO = INCLUDE_SOURCE;
				MTL_FAST_MATH = YES;
				ONLY_ACTIVE_ARCH = YES;
				SDKROOT = iphoneos;
				SWIFT_ACTIVE_COMPILATION_CONDITIONS = "DEBUG $(inherited)";
				SWIFT_OPTIMIZATION_LEVEL = "-Onone";
			};
			name = Debug;
		};
		E5501E342B57D4C40001E9FB /* Release */ = {
			isa = XCBuildConfiguration;
			buildSettings = {
				ALWAYS_SEARCH_USER_PATHS = NO;
				ASSETCATALOG_COMPILER_GENERATE_SWIFT_ASSET_SYMBOL_EXTENSIONS = YES;
				CLANG_ANALYZER_NONNULL = YES;
				CLANG_ANALYZER_NUMBER_OBJECT_CONVERSION = YES_AGGRESSIVE;
				CLANG_CXX_LANGUAGE_STANDARD = "gnu++20";
				CLANG_ENABLE_MODULES = YES;
				CLANG_ENABLE_OBJC_ARC = YES;
				CLANG_ENABLE_OBJC_WEAK = YES;
				CLANG_WARN_BLOCK_CAPTURE_AUTORELEASING = YES;
				CLANG_WARN_BOOL_CONVERSION = YES;
				CLANG_WARN_COMMA = YES;
				CLANG_WARN_CONSTANT_CONVERSION = YES;
				CLANG_WARN_DEPRECATED_OBJC_IMPLEMENTATIONS = YES;
				CLANG_WARN_DIRECT_OBJC_ISA_USAGE = YES_ERROR;
				CLANG_WARN_DOCUMENTATION_COMMENTS = YES;
				CLANG_WARN_EMPTY_BODY = YES;
				CLANG_WARN_ENUM_CONVERSION = YES;
				CLANG_WARN_INFINITE_RECURSION = YES;
				CLANG_WARN_INT_CONVERSION = YES;
				CLANG_WARN_NON_LITERAL_NULL_CONVERSION = YES;
				CLANG_WARN_OBJC_IMPLICIT_RETAIN_SELF = YES;
				CLANG_WARN_OBJC_LITERAL_CONVERSION = YES;
				CLANG_WARN_OBJC_ROOT_CLASS = YES_ERROR;
				CLANG_WARN_QUOTED_INCLUDE_IN_FRAMEWORK_HEADER = YES;
				CLANG_WARN_RANGE_LOOP_ANALYSIS = YES;
				CLANG_WARN_STRICT_PROTOTYPES = YES;
				CLANG_WARN_SUSPICIOUS_MOVE = YES;
				CLANG_WARN_UNGUARDED_AVAILABILITY = YES_AGGRESSIVE;
				CLANG_WARN_UNREACHABLE_CODE = YES;
				CLANG_WARN__DUPLICATE_METHOD_MATCH = YES;
				COPY_PHASE_STRIP = NO;
				DEBUG_INFORMATION_FORMAT = "dwarf-with-dsym";
				ENABLE_NS_ASSERTIONS = NO;
				ENABLE_STRICT_OBJC_MSGSEND = YES;
				ENABLE_USER_SCRIPT_SANDBOXING = YES;
				GCC_C_LANGUAGE_STANDARD = gnu17;
				GCC_NO_COMMON_BLOCKS = YES;
				GCC_WARN_64_TO_32_BIT_CONVERSION = YES;
				GCC_WARN_ABOUT_RETURN_TYPE = YES_ERROR;
				GCC_WARN_UNDECLARED_SELECTOR = YES;
				GCC_WARN_UNINITIALIZED_AUTOS = YES_AGGRESSIVE;
				GCC_WARN_UNUSED_FUNCTION = YES;
				GCC_WARN_UNUSED_VARIABLE = YES;
				IPHONEOS_DEPLOYMENT_TARGET = 17.0;
				LOCALIZATION_PREFERS_STRING_CATALOGS = YES;
				MTL_ENABLE_DEBUG_INFO = NO;
				MTL_FAST_MATH = YES;
				SDKROOT = iphoneos;
				SWIFT_COMPILATION_MODE = wholemodule;
				VALIDATE_PRODUCT = YES;
			};
			name = Release;
		};
		E5501E362B57D4C40001E9FB /* Debug */ = {
			isa = XCBuildConfiguration;
			buildSettings = {
				ASSETCATALOG_COMPILER_APPICON_NAME = AppIcon;
				ASSETCATALOG_COMPILER_GLOBAL_ACCENT_COLOR_NAME = AccentColor;
				CODE_SIGN_STYLE = Automatic;
				CURRENT_PROJECT_VERSION = 1;
				DEVELOPMENT_ASSET_PATHS = "\"CleanArchitecture/Preview Content\"";
				DEVELOPMENT_TEAM = TZ3VZ8CUCV;
				ENABLE_PREVIEWS = YES;
				GENERATE_INFOPLIST_FILE = YES;
				INFOPLIST_KEY_UIApplicationSceneManifest_Generation = YES;
				INFOPLIST_KEY_UIApplicationSupportsIndirectInputEvents = YES;
				INFOPLIST_KEY_UILaunchScreen_Generation = YES;
				INFOPLIST_KEY_UISupportedInterfaceOrientations_iPad = "UIInterfaceOrientationPortrait UIInterfaceOrientationPortraitUpsideDown UIInterfaceOrientationLandscapeLeft UIInterfaceOrientationLandscapeRight";
				INFOPLIST_KEY_UISupportedInterfaceOrientations_iPhone = "UIInterfaceOrientationPortrait UIInterfaceOrientationLandscapeLeft UIInterfaceOrientationLandscapeRight";
				LD_RUNPATH_SEARCH_PATHS = (
					"$(inherited)",
					"@executable_path/Frameworks",
				);
				MARKETING_VERSION = 1.0;
				PRODUCT_BUNDLE_IDENTIFIER = com.masonkim.CleanArchitecture;
				PRODUCT_NAME = "$(TARGET_NAME)";
				SWIFT_EMIT_LOC_STRINGS = YES;
				SWIFT_VERSION = 5.0;
				TARGETED_DEVICE_FAMILY = "1,2";
			};
			name = Debug;
		};
		E5501E372B57D4C40001E9FB /* Release */ = {
			isa = XCBuildConfiguration;
			buildSettings = {
				ASSETCATALOG_COMPILER_APPICON_NAME = AppIcon;
				ASSETCATALOG_COMPILER_GLOBAL_ACCENT_COLOR_NAME = AccentColor;
				CODE_SIGN_STYLE = Automatic;
				CURRENT_PROJECT_VERSION = 1;
				DEVELOPMENT_ASSET_PATHS = "\"CleanArchitecture/Preview Content\"";
				DEVELOPMENT_TEAM = TZ3VZ8CUCV;
				ENABLE_PREVIEWS = YES;
				GENERATE_INFOPLIST_FILE = YES;
				INFOPLIST_KEY_UIApplicationSceneManifest_Generation = YES;
				INFOPLIST_KEY_UIApplicationSupportsIndirectInputEvents = YES;
				INFOPLIST_KEY_UILaunchScreen_Generation = YES;
				INFOPLIST_KEY_UISupportedInterfaceOrientations_iPad = "UIInterfaceOrientationPortrait UIInterfaceOrientationPortraitUpsideDown UIInterfaceOrientationLandscapeLeft UIInterfaceOrientationLandscapeRight";
				INFOPLIST_KEY_UISupportedInterfaceOrientations_iPhone = "UIInterfaceOrientationPortrait UIInterfaceOrientationLandscapeLeft UIInterfaceOrientationLandscapeRight";
				LD_RUNPATH_SEARCH_PATHS = (
					"$(inherited)",
					"@executable_path/Frameworks",
				);
				MARKETING_VERSION = 1.0;
				PRODUCT_BUNDLE_IDENTIFIER = com.masonkim.CleanArchitecture;
				PRODUCT_NAME = "$(TARGET_NAME)";
				SWIFT_EMIT_LOC_STRINGS = YES;
				SWIFT_VERSION = 5.0;
				TARGETED_DEVICE_FAMILY = "1,2";
			};
			name = Release;
		};
/* End XCBuildConfiguration section */

/* Begin XCConfigurationList section */
		E5501E222B57D4C30001E9FB /* Build configuration list for PBXProject "CleanArchitecture" */ = {
			isa = XCConfigurationList;
			buildConfigurations = (
				E5501E332B57D4C40001E9FB /* Debug */,
				E5501E342B57D4C40001E9FB /* Release */,
			);
			defaultConfigurationIsVisible = 0;
			defaultConfigurationName = Release;
		};
		E5501E352B57D4C40001E9FB /* Build configuration list for PBXNativeTarget "CleanArchitecture" */ = {
			isa = XCConfigurationList;
			buildConfigurations = (
				E5501E362B57D4C40001E9FB /* Debug */,
				E5501E372B57D4C40001E9FB /* Release */,
			);
			defaultConfigurationIsVisible = 0;
			defaultConfigurationName = Release;
		};
/* End XCConfigurationList section */
	};
	rootObject = E5501E1F2B57D4C30001E9FB /* Project object */;
}
